
Microsoft Visual Studio Solution File, Format Version 12.00
# Visual Studio Version 16
VisualStudioVersion = 16.0.32002.261
MinimumVisualStudioVersion = 10.0.40219.1
Project("{FAE04EC0-301F-11D3-BF4B-00C04F79EFBC}") = "GodotDocsViewer", "GodotDocsViewer\GodotDocsViewer.csproj", "{667F0D56-9835-4882-A79E-603C1680F2B1}"
	ProjectSection(ProjectDependencies) = postProject
		{7682FCC4-F402-4797-A113-2A68D0CCE856} = {7682FCC4-F402-4797-A113-2A68D0CCE856}
	EndProjectSection
EndProject
Project("{9A19103F-16F7-4668-BE54-9A1E7A4F7556}") = "PoFileParser", "PoFileParser\PoFileParser.csproj", "{3460089F-8118-44B4-9C32-63D7DCD08DAD}"
	ProjectSection(ProjectDependencies) = postProject
		{7682FCC4-F402-4797-A113-2A68D0CCE856} = {7682FCC4-F402-4797-A113-2A68D0CCE856}
	EndProjectSection
EndProject
Project("{9A19103F-16F7-4668-BE54-9A1E7A4F7556}") = "RstFileParser", "RstFileParser\RstFileParser.csproj", "{427FD938-BEEC-48DD-B97E-F82B3A831003}"
	ProjectSection(ProjectDependencies) = postProject
		{7682FCC4-F402-4797-A113-2A68D0CCE856} = {7682FCC4-F402-4797-A113-2A68D0CCE856}
	EndProjectSection
EndProject
Project("{9A19103F-16F7-4668-BE54-9A1E7A4F7556}") = "RstFileContentChange", "RstFileContentChange\RstFileContentChange.csproj", "{124712BF-17BC-4A07-B11E-48F5896745B6}"
	ProjectSection(ProjectDependencies) = postProject
		{7682FCC4-F402-4797-A113-2A68D0CCE856} = {7682FCC4-F402-4797-A113-2A68D0CCE856}
	EndProjectSection
EndProject
Project("{9A19103F-16F7-4668-BE54-9A1E7A4F7556}") = "ConsoleApp1", "TestConsole\ConsoleApp1.csproj", "{9D27C84B-76BF-44EC-AEBB-E755ED902E9E}"
	ProjectSection(ProjectDependencies) = postProject
		{7682FCC4-F402-4797-A113-2A68D0CCE856} = {7682FCC4-F402-4797-A113-2A68D0CCE856}
	EndProjectSection
EndProject
Project("{9A19103F-16F7-4668-BE54-9A1E7A4F7556}") = "MyStandard20Library", "..\我的API库\MyStandard20Library\MyStandard20Library.csproj", "{7682FCC4-F402-4797-A113-2A68D0CCE856}"
EndProject
Project("{2150E333-8FDC-42A3-9474-1A3956D46DE8}") = "Solution Items", "Solution Items", "{B4FC06D6-30F3-4BAD-9445-B523AD10CEB7}"
	ProjectSection(SolutionItems) = preProject
		备忘日志.md = 备忘日志.md
	EndProjectSection
EndProject
Project("{9A19103F-16F7-4668-BE54-9A1E7A4F7556}") = "MyAlgorithm.Compare", "..\算法\MyAlgorithm.Compare\MyAlgorithm.Compare.csproj", "{14CBD6DE-2128-4AF7-AAEB-82D8E274CB6D}"
EndProject
Global
	GlobalSection(SolutionConfigurationPlatforms) = preSolution
		Debug|Any CPU = Debug|Any CPU
		Debug|ARM = Debug|ARM
		Debug|ARM64 = Debug|ARM64
		Debug|x64 = Debug|x64
		Debug|x86 = Debug|x86
		Release|Any CPU = Release|Any CPU
		Release|ARM = Release|ARM
		Release|ARM64 = Release|ARM64
		Release|x64 = Release|x64
		Release|x86 = Release|x86
	EndGlobalSection
	GlobalSection(ProjectConfigurationPlatforms) = postSolution
		{667F0D56-9835-4882-A79E-603C1680F2B1}.Debug|Any CPU.ActiveCfg = Debug|x86
		{667F0D56-9835-4882-A79E-603C1680F2B1}.Debug|ARM.ActiveCfg = Debug|ARM
		{667F0D56-9835-4882-A79E-603C1680F2B1}.Debug|ARM.Build.0 = Debug|ARM
		{667F0D56-9835-4882-A79E-603C1680F2B1}.Debug|ARM.Deploy.0 = Debug|ARM
		{667F0D56-9835-4882-A79E-603C1680F2B1}.Debug|ARM64.ActiveCfg = Debug|ARM64
		{667F0D56-9835-4882-A79E-603C1680F2B1}.Debug|ARM64.Build.0 = Debug|ARM64
		{667F0D56-9835-4882-A79E-603C1680F2B1}.Debug|ARM64.Deploy.0 = Debug|ARM64
		{667F0D56-9835-4882-A79E-603C1680F2B1}.Debug|x64.ActiveCfg = Debug|x64
		{667F0D56-9835-4882-A79E-603C1680F2B1}.Debug|x64.Build.0 = Debug|x64
		{667F0D56-9835-4882-A79E-603C1680F2B1}.Debug|x64.Deploy.0 = Debug|x64
		{667F0D56-9835-4882-A79E-603C1680F2B1}.Debug|x86.ActiveCfg = Debug|x86
		{667F0D56-9835-4882-A79E-603C1680F2B1}.Debug|x86.Build.0 = Debug|x86
		{667F0D56-9835-4882-A79E-603C1680F2B1}.Debug|x86.Deploy.0 = Debug|x86
		{667F0D56-9835-4882-A79E-603C1680F2B1}.Release|Any CPU.ActiveCfg = Release|x86
		{667F0D56-9835-4882-A79E-603C1680F2B1}.Release|ARM.ActiveCfg = Release|ARM
		{667F0D56-9835-4882-A79E-603C1680F2B1}.Release|ARM.Build.0 = Release|ARM
		{667F0D56-9835-4882-A79E-603C1680F2B1}.Release|ARM.Deploy.0 = Release|ARM
		{667F0D56-9835-4882-A79E-603C1680F2B1}.Release|ARM64.ActiveCfg = Release|ARM64
		{667F0D56-9835-4882-A79E-603C1680F2B1}.Release|ARM64.Build.0 = Release|ARM64
		{667F0D56-9835-4882-A79E-603C1680F2B1}.Release|ARM64.Deploy.0 = Release|ARM64
		{667F0D56-9835-4882-A79E-603C1680F2B1}.Release|x64.ActiveCfg = Release|x64
		{667F0D56-9835-4882-A79E-603C1680F2B1}.Release|x64.Build.0 = Release|x64
		{667F0D56-9835-4882-A79E-603C1680F2B1}.Release|x64.Deploy.0 = Release|x64
		{667F0D56-9835-4882-A79E-603C1680F2B1}.Release|x86.ActiveCfg = Release|x86
		{667F0D56-9835-4882-A79E-603C1680F2B1}.Release|x86.Build.0 = Release|x86
		{667F0D56-9835-4882-A79E-603C1680F2B1}.Release|x86.Deploy.0 = Release|x86
		{3460089F-8118-44B4-9C32-63D7DCD08DAD}.Debug|Any CPU.ActiveCfg = Debug|Any CPU
		{3460089F-8118-44B4-9C32-63D7DCD08DAD}.Debug|Any CPU.Build.0 = Debug|Any CPU
		{3460089F-8118-44B4-9C32-63D7DCD08DAD}.Debug|ARM.ActiveCfg = Debug|Any CPU
		{3460089F-8118-44B4-9C32-63D7DCD08DAD}.Debug|ARM.Build.0 = Debug|Any CPU
		{3460089F-8118-44B4-9C32-63D7DCD08DAD}.Debug|ARM64.ActiveCfg = Debug|Any CPU
		{3460089F-8118-44B4-9C32-63D7DCD08DAD}.Debug|ARM64.Build.0 = Debug|Any CPU
		{3460089F-8118-44B4-9C32-63D7DCD08DAD}.Debug|x64.ActiveCfg = Debug|Any CPU
		{3460089F-8118-44B4-9C32-63D7DCD08DAD}.Debug|x64.Build.0 = Debug|Any CPU
		{3460089F-8118-44B4-9C32-63D7DCD08DAD}.Debug|x86.ActiveCfg = Debug|Any CPU
		{3460089F-8118-44B4-9C32-63D7DCD08DAD}.Debug|x86.Build.0 = Debug|Any CPU
		{3460089F-8118-44B4-9C32-63D7DCD08DAD}.Release|Any CPU.ActiveCfg = Release|Any CPU
		{3460089F-8118-44B4-9C32-63D7DCD08DAD}.Release|Any CPU.Build.0 = Release|Any CPU
		{3460089F-8118-44B4-9C32-63D7DCD08DAD}.Release|ARM.ActiveCfg = Release|Any CPU
		{3460089F-8118-44B4-9C32-63D7DCD08DAD}.Release|ARM.Build.0 = Release|Any CPU
		{3460089F-8118-44B4-9C32-63D7DCD08DAD}.Release|ARM64.ActiveCfg = Release|Any CPU
		{3460089F-8118-44B4-9C32-63D7DCD08DAD}.Release|ARM64.Build.0 = Release|Any CPU
		{3460089F-8118-44B4-9C32-63D7DCD08DAD}.Release|x64.ActiveCfg = Release|Any CPU
		{3460089F-8118-44B4-9C32-63D7DCD08DAD}.Release|x64.Build.0 = Release|Any CPU
		{3460089F-8118-44B4-9C32-63D7DCD08DAD}.Release|x86.ActiveCfg = Release|Any CPU
		{3460089F-8118-44B4-9C32-63D7DCD08DAD}.Release|x86.Build.0 = Release|Any CPU
		{427FD938-BEEC-48DD-B97E-F82B3A831003}.Debug|Any CPU.ActiveCfg = Debug|Any CPU
		{427FD938-BEEC-48DD-B97E-F82B3A831003}.Debug|Any CPU.Build.0 = Debug|Any CPU
		{427FD938-BEEC-48DD-B97E-F82B3A831003}.Debug|ARM.ActiveCfg = Debug|Any CPU
		{427FD938-BEEC-48DD-B97E-F82B3A831003}.Debug|ARM.Build.0 = Debug|Any CPU
		{427FD938-BEEC-48DD-B97E-F82B3A831003}.Debug|ARM64.ActiveCfg = Debug|Any CPU
		{427FD938-BEEC-48DD-B97E-F82B3A831003}.Debug|ARM64.Build.0 = Debug|Any CPU
		{427FD938-BEEC-48DD-B97E-F82B3A831003}.Debug|x64.ActiveCfg = Debug|Any CPU
		{427FD938-BEEC-48DD-B97E-F82B3A831003}.Debug|x64.Build.0 = Debug|Any CPU
		{427FD938-BEEC-48DD-B97E-F82B3A831003}.Debug|x86.ActiveCfg = Debug|Any CPU
		{427FD938-BEEC-48DD-B97E-F82B3A831003}.Debug|x86.Build.0 = Debug|Any CPU
		{427FD938-BEEC-48DD-B97E-F82B3A831003}.Release|Any CPU.ActiveCfg = Release|Any CPU
		{427FD938-BEEC-48DD-B97E-F82B3A831003}.Release|Any CPU.Build.0 = Release|Any CPU
		{427FD938-BEEC-48DD-B97E-F82B3A831003}.Release|ARM.ActiveCfg = Release|Any CPU
		{427FD938-BEEC-48DD-B97E-F82B3A831003}.Release|ARM.Build.0 = Release|Any CPU
		{427FD938-BEEC-48DD-B97E-F82B3A831003}.Release|ARM64.ActiveCfg = Release|Any CPU
		{427FD938-BEEC-48DD-B97E-F82B3A831003}.Release|ARM64.Build.0 = Release|Any CPU
		{427FD938-BEEC-48DD-B97E-F82B3A831003}.Release|x64.ActiveCfg = Release|Any CPU
		{427FD938-BEEC-48DD-B97E-F82B3A831003}.Release|x64.Build.0 = Release|Any CPU
		{427FD938-BEEC-48DD-B97E-F82B3A831003}.Release|x86.ActiveCfg = Release|Any CPU
		{427FD938-BEEC-48DD-B97E-F82B3A831003}.Release|x86.Build.0 = Release|Any CPU
		{124712BF-17BC-4A07-B11E-48F5896745B6}.Debug|Any CPU.ActiveCfg = Debug|Any CPU
		{124712BF-17BC-4A07-B11E-48F5896745B6}.Debug|Any CPU.Build.0 = Debug|Any CPU
		{124712BF-17BC-4A07-B11E-48F5896745B6}.Debug|ARM.ActiveCfg = Debug|Any CPU
		{124712BF-17BC-4A07-B11E-48F5896745B6}.Debug|ARM.Build.0 = Debug|Any CPU
		{124712BF-17BC-4A07-B11E-48F5896745B6}.Debug|ARM64.ActiveCfg = Debug|Any CPU
		{124712BF-17BC-4A07-B11E-48F5896745B6}.Debug|ARM64.Build.0 = Debug|Any CPU
		{124712BF-17BC-4A07-B11E-48F5896745B6}.Debug|x64.ActiveCfg = Debug|Any CPU
		{124712BF-17BC-4A07-B11E-48F5896745B6}.Debug|x64.Build.0 = Debug|Any CPU
		{124712BF-17BC-4A07-B11E-48F5896745B6}.Debug|x86.ActiveCfg = Debug|Any CPU
		{124712BF-17BC-4A07-B11E-48F5896745B6}.Debug|x86.Build.0 = Debug|Any CPU
		{124712BF-17BC-4A07-B11E-48F5896745B6}.Release|Any CPU.ActiveCfg = Release|Any CPU
		{124712BF-17BC-4A07-B11E-48F5896745B6}.Release|Any CPU.Build.0 = Release|Any CPU
		{124712BF-17BC-4A07-B11E-48F5896745B6}.Release|ARM.ActiveCfg = Release|Any CPU
		{124712BF-17BC-4A07-B11E-48F5896745B6}.Release|ARM.Build.0 = Release|Any CPU
		{124712BF-17BC-4A07-B11E-48F5896745B6}.Release|ARM64.ActiveCfg = Release|Any CPU
		{124712BF-17BC-4A07-B11E-48F5896745B6}.Release|ARM64.Build.0 = Release|Any CPU
		{124712BF-17BC-4A07-B11E-48F5896745B6}.Release|x64.ActiveCfg = Release|Any CPU
		{124712BF-17BC-4A07-B11E-48F5896745B6}.Release|x64.Build.0 = Release|Any CPU
		{124712BF-17BC-4A07-B11E-48F5896745B6}.Release|x86.ActiveCfg = Release|Any CPU
		{124712BF-17BC-4A07-B11E-48F5896745B6}.Release|x86.Build.0 = Release|Any CPU
		{9D27C84B-76BF-44EC-AEBB-E755ED902E9E}.Debug|Any CPU.ActiveCfg = Debug|Any CPU
		{9D27C84B-76BF-44EC-AEBB-E755ED902E9E}.Debug|Any CPU.Build.0 = Debug|Any CPU
		{9D27C84B-76BF-44EC-AEBB-E755ED902E9E}.Debug|ARM.ActiveCfg = Debug|Any CPU
		{9D27C84B-76BF-44EC-AEBB-E755ED902E9E}.Debug|ARM.Build.0 = Debug|Any CPU
		{9D27C84B-76BF-44EC-AEBB-E755ED902E9E}.Debug|ARM64.ActiveCfg = Debug|Any CPU
		{9D27C84B-76BF-44EC-AEBB-E755ED902E9E}.Debug|ARM64.Build.0 = Debug|Any CPU
		{9D27C84B-76BF-44EC-AEBB-E755ED902E9E}.Debug|x64.ActiveCfg = Debug|Any CPU
		{9D27C84B-76BF-44EC-AEBB-E755ED902E9E}.Debug|x64.Build.0 = Debug|Any CPU
		{9D27C84B-76BF-44EC-AEBB-E755ED902E9E}.Debug|x86.ActiveCfg = Debug|Any CPU
		{9D27C84B-76BF-44EC-AEBB-E755ED902E9E}.Debug|x86.Build.0 = Debug|Any CPU
		{9D27C84B-76BF-44EC-AEBB-E755ED902E9E}.Release|Any CPU.ActiveCfg = Release|Any CPU
		{9D27C84B-76BF-44EC-AEBB-E755ED902E9E}.Release|Any CPU.Build.0 = Release|Any CPU
		{9D27C84B-76BF-44EC-AEBB-E755ED902E9E}.Release|ARM.ActiveCfg = Release|Any CPU
		{9D27C84B-76BF-44EC-AEBB-E755ED902E9E}.Release|ARM.Build.0 = Release|Any CPU
		{9D27C84B-76BF-44EC-AEBB-E755ED902E9E}.Release|ARM64.ActiveCfg = Release|Any CPU
		{9D27C84B-76BF-44EC-AEBB-E755ED902E9E}.Release|ARM64.Build.0 = Release|Any CPU
		{9D27C84B-76BF-44EC-AEBB-E755ED902E9E}.Release|x64.ActiveCfg = Release|Any CPU
		{9D27C84B-76BF-44EC-AEBB-E755ED902E9E}.Release|x64.Build.0 = Release|Any CPU
		{9D27C84B-76BF-44EC-AEBB-E755ED902E9E}.Release|x86.ActiveCfg = Release|Any CPU
		{9D27C84B-76BF-44EC-AEBB-E755ED902E9E}.Release|x86.Build.0 = Release|Any CPU
		{7682FCC4-F402-4797-A113-2A68D0CCE856}.Debug|Any CPU.ActiveCfg = Debug|Any CPU
		{7682FCC4-F402-4797-A113-2A68D0CCE856}.Debug|Any CPU.Build.0 = Debug|Any CPU
		{7682FCC4-F402-4797-A113-2A68D0CCE856}.Debug|ARM.ActiveCfg = Debug|Any CPU
		{7682FCC4-F402-4797-A113-2A68D0CCE856}.Debug|ARM.Build.0 = Debug|Any CPU
		{7682FCC4-F402-4797-A113-2A68D0CCE856}.Debug|ARM64.ActiveCfg = Debug|Any CPU
		{7682FCC4-F402-4797-A113-2A68D0CCE856}.Debug|ARM64.Build.0 = Debug|Any CPU
		{7682FCC4-F402-4797-A113-2A68D0CCE856}.Debug|x64.ActiveCfg = Debug|Any CPU
		{7682FCC4-F402-4797-A113-2A68D0CCE856}.Debug|x64.Build.0 = Debug|Any CPU
		{7682FCC4-F402-4797-A113-2A68D0CCE856}.Debug|x86.ActiveCfg = Debug|Any CPU
		{7682FCC4-F402-4797-A113-2A68D0CCE856}.Debug|x86.Build.0 = Debug|Any CPU
		{7682FCC4-F402-4797-A113-2A68D0CCE856}.Release|Any CPU.ActiveCfg = Release|Any CPU
		{7682FCC4-F402-4797-A113-2A68D0CCE856}.Release|Any CPU.Build.0 = Release|Any CPU
		{7682FCC4-F402-4797-A113-2A68D0CCE856}.Release|ARM.ActiveCfg = Release|Any CPU
		{7682FCC4-F402-4797-A113-2A68D0CCE856}.Release|ARM.Build.0 = Release|Any CPU
		{7682FCC4-F402-4797-A113-2A68D0CCE856}.Release|ARM64.ActiveCfg = Release|Any CPU
		{7682FCC4-F402-4797-A113-2A68D0CCE856}.Release|ARM64.Build.0 = Release|Any CPU
		{7682FCC4-F402-4797-A113-2A68D0CCE856}.Release|x64.ActiveCfg = Release|Any CPU
		{7682FCC4-F402-4797-A113-2A68D0CCE856}.Release|x64.Build.0 = Release|Any CPU
		{7682FCC4-F402-4797-A113-2A68D0CCE856}.Release|x86.ActiveCfg = Release|Any CPU
		{7682FCC4-F402-4797-A113-2A68D0CCE856}.Release|x86.Build.0 = Release|Any CPU
		{14CBD6DE-2128-4AF7-AAEB-82D8E274CB6D}.Debug|Any CPU.ActiveCfg = Debug|Any CPU
		{14CBD6DE-2128-4AF7-AAEB-82D8E274CB6D}.Debug|Any CPU.Build.0 = Debug|Any CPU
		{14CBD6DE-2128-4AF7-AAEB-82D8E274CB6D}.Debug|ARM.ActiveCfg = Debug|Any CPU
		{14CBD6DE-2128-4AF7-AAEB-82D8E274CB6D}.Debug|ARM.Build.0 = Debug|Any CPU
		{14CBD6DE-2128-4AF7-AAEB-82D8E274CB6D}.Debug|ARM64.ActiveCfg = Debug|Any CPU
		{14CBD6DE-2128-4AF7-AAEB-82D8E274CB6D}.Debug|ARM64.Build.0 = Debug|Any CPU
		{14CBD6DE-2128-4AF7-AAEB-82D8E274CB6D}.Debug|x64.ActiveCfg = Debug|Any CPU
		{14CBD6DE-2128-4AF7-AAEB-82D8E274CB6D}.Debug|x64.Build.0 = Debug|Any CPU
		{14CBD6DE-2128-4AF7-AAEB-82D8E274CB6D}.Debug|x86.ActiveCfg = Debug|Any CPU
		{14CBD6DE-2128-4AF7-AAEB-82D8E274CB6D}.Debug|x86.Build.0 = Debug|Any CPU
		{14CBD6DE-2128-4AF7-AAEB-82D8E274CB6D}.Release|Any CPU.ActiveCfg = Release|Any CPU
		{14CBD6DE-2128-4AF7-AAEB-82D8E274CB6D}.Release|Any CPU.Build.0 = Release|Any CPU
		{14CBD6DE-2128-4AF7-AAEB-82D8E274CB6D}.Release|ARM.ActiveCfg = Release|Any CPU
		{14CBD6DE-2128-4AF7-AAEB-82D8E274CB6D}.Release|ARM.Build.0 = Release|Any CPU
		{14CBD6DE-2128-4AF7-AAEB-82D8E274CB6D}.Release|ARM64.ActiveCfg = Release|Any CPU
		{14CBD6DE-2128-4AF7-AAEB-82D8E274CB6D}.Release|ARM64.Build.0 = Release|Any CPU
		{14CBD6DE-2128-4AF7-AAEB-82D8E274CB6D}.Release|x64.ActiveCfg = Release|Any CPU
		{14CBD6DE-2128-4AF7-AAEB-82D8E274CB6D}.Release|x64.Build.0 = Release|Any CPU
		{14CBD6DE-2128-4AF7-AAEB-82D8E274CB6D}.Release|x86.ActiveCfg = Release|Any CPU
		{14CBD6DE-2128-4AF7-AAEB-82D8E274CB6D}.Release|x86.Build.0 = Release|Any CPU
	EndGlobalSection
	GlobalSection(SolutionProperties) = preSolution
		HideSolutionNode = FALSE
	EndGlobalSection
	GlobalSection(ExtensibilityGlobals) = postSolution
		SolutionGuid = {96921EDE-7EC5-4533-8D98-51AE5186602B}
	EndGlobalSection
EndGlobal
